
Microsoft Visual Studio Solution File, Format Version 12.00
# Visual Studio Version 16
VisualStudioVersion = 16.0.29709.97
MinimumVisualStudioVersion = 10.0.40219.1
Project("{FAE04EC0-301F-11D3-BF4B-00C04F79EFBC}") = "Healthcare_App", "Healthcare_App\Healthcare_App.csproj", "{F6D1100D-C50D-434D-B6F4-7163C9015706}"
EndProject
Project("{FAE04EC0-301F-11D3-BF4B-00C04F79EFBC}") = "HealthcareData", "HealthcareData\HealthcareData.csproj", "{8C6F69A8-B38C-45AA-9A65-B89AA28CF8CE}"
EndProject
Global
	GlobalSection(SolutionConfigurationPlatforms) = preSolution
		Debug|Any CPU = Debug|Any CPU
		Release|Any CPU = Release|Any CPU
	EndGlobalSection
	GlobalSection(ProjectConfigurationPlatforms) = postSolution
		{F6D1100D-C50D-434D-B6F4-7163C9015706}.Debug|Any CPU.ActiveCfg = Debug|Any CPU
		{F6D1100D-C50D-434D-B6F4-7163C9015706}.Debug|Any CPU.Build.0 = Debug|Any CPU
		{F6D1100D-C50D-434D-B6F4-7163C9015706}.Release|Any CPU.ActiveCfg = Release|Any CPU
		{F6D1100D-C50D-434D-B6F4-7163C9015706}.Release|Any CPU.Build.0 = Release|Any CPU
		{8C6F69A8-B38C-45AA-9A65-B89AA28CF8CE}.Debug|Any CPU.ActiveCfg = Debug|Any CPU
		{8C6F69A8-B38C-45AA-9A65-B89AA28CF8CE}.Debug|Any CPU.Build.0 = Debug|Any CPU
		{8C6F69A8-B38C-45AA-9A65-B89AA28CF8CE}.Release|Any CPU.ActiveCfg = Release|Any CPU
		{8C6F69A8-B38C-45AA-9A65-B89AA28CF8CE}.Release|Any CPU.Build.0 = Release|Any CPU
	EndGlobalSection
	GlobalSection(SolutionProperties) = preSolution
		HideSolutionNode = FALSE
	EndGlobalSection
	GlobalSection(ExtensibilityGlobals) = postSolution
		SolutionGuid = {47C23C7B-E13D-4E8A-A71B-319D8FCE01B3}
	EndGlobalSection
EndGlobal
